<?xml version="1.0" encoding="utf-8"?>
<Project ToolsVersion="4.0" xmlns="http://schemas.microsoft.com/developer/msbuild/2003">
  <ItemGroup>
    <ClInclude Include="..\..\..\include\Buffer.h">
      <Filter>Headers</Filter>
    </ClInclude>
    <ClInclude Include="..\..\..\include\ControleDeRede.h">
      <Filter>Headers</Filter>
    </ClInclude>
    <ClInclude Include="..\..\..\include\NetworkMessages.h">
      <Filter>Headers</Filter>
    </ClInclude>
    <ClInclude Include="..\..\..\include\GrifoNet.h">
      <Filter>Headers</Filter>
    </ClInclude>
    <ClInclude Include="..\..\..\include\ObjetoDeRede.h">
      <Filter>Headers</Filter>
    </ClInclude>
    <ClInclude Include="..\..\..\include\Peer.h">
      <Filter>Headers</Filter>
    </ClInclude>
  </ItemGroup>
  <ItemGroup>
    <ClCompile Include="..\..\..\src\Buffer.cpp">
      <Filter>Source</Filter>
    </ClCompile>
    <ClCompile Include="..\..\..\src\ControleDeRede.cpp">
      <Filter>Source</Filter>
    </ClCompile>
    <ClCompile Include="..\..\..\src\ObjetoDeRede.cpp">
      <Filter>Source</Filter>
    </ClCompile>
    <ClCompile Include="..\..\..\src\Peer.cpp">
      <Filter>Source</Filter>
    </ClCompile>
  </ItemGroup>
  <ItemGroup>
    <Filter Include="Headers">
      <UniqueIdentifier>{1c119ec9-f069-4296-bb7a-6cf5173e68a1}</UniqueIdentifier>
    </Filter>
    <Filter Include="Source">
      <UniqueIdentifier>{76b2cf1f-bea6-4823-847e-76f1072db482}</UniqueIdentifier>
    </Filter>
  </ItemGroup>
</Project>